
Microsoft Visual Studio Solution File, Format Version 12.00
# Visual Studio Version 16
VisualStudioVersion = 16.0.28803.202
MinimumVisualStudioVersion = 10.0.40219.1
Project("{FAE04EC0-301F-11D3-BF4B-00C04F79EFBC}") = "ABF-browser-app", "ABF-browser-app\ABF-browser-app.csproj", "{0B128C7E-CB57-4D44-BFC6-7D4995392D7F}"
EndProject
Project("{FAE04EC0-301F-11D3-BF4B-00C04F79EFBC}") = "AbfBrowser", "AbfBrowser\AbfBrowser.csproj", "{7EF39121-D1E0-487C-B4D5-1BCB842A8DAD}"
EndProject
Project("{FAE04EC0-301F-11D3-BF4B-00C04F79EFBC}") = "Sandbox", "Sandbox\Sandbox.csproj", "{452019FB-C0D5-4EB8-9FA5-9CF2C19E7845}"
EndProject
Project("{FAE04EC0-301F-11D3-BF4B-00C04F79EFBC}") = "vsABF", "..\..\vsABF\src\vsABF\vsABF.csproj", "{7DE71FFF-88B5-4E6D-A09B-ADB4C89A249D}"
EndProject
Global
	GlobalSection(SolutionConfigurationPlatforms) = preSolution
		Debug|Any CPU = Debug|Any CPU
		Release|Any CPU = Release|Any CPU
	EndGlobalSection
	GlobalSection(ProjectConfigurationPlatforms) = postSolution
		{0B128C7E-CB57-4D44-BFC6-7D4995392D7F}.Debug|Any CPU.ActiveCfg = Debug|Any CPU
		{0B128C7E-CB57-4D44-BFC6-7D4995392D7F}.Debug|Any CPU.Build.0 = Debug|Any CPU
		{0B128C7E-CB57-4D44-BFC6-7D4995392D7F}.Release|Any CPU.ActiveCfg = Release|Any CPU
		{0B128C7E-CB57-4D44-BFC6-7D4995392D7F}.Release|Any CPU.Build.0 = Release|Any CPU
		{7EF39121-D1E0-487C-B4D5-1BCB842A8DAD}.Debug|Any CPU.ActiveCfg = Debug|Any CPU
		{7EF39121-D1E0-487C-B4D5-1BCB842A8DAD}.Debug|Any CPU.Build.0 = Debug|Any CPU
		{7EF39121-D1E0-487C-B4D5-1BCB842A8DAD}.Release|Any CPU.ActiveCfg = Release|Any CPU
		{7EF39121-D1E0-487C-B4D5-1BCB842A8DAD}.Release|Any CPU.Build.0 = Release|Any CPU
		{452019FB-C0D5-4EB8-9FA5-9CF2C19E7845}.Debug|Any CPU.ActiveCfg = Debug|Any CPU
		{452019FB-C0D5-4EB8-9FA5-9CF2C19E7845}.Debug|Any CPU.Build.0 = Debug|Any CPU
		{452019FB-C0D5-4EB8-9FA5-9CF2C19E7845}.Release|Any CPU.ActiveCfg = Release|Any CPU
		{452019FB-C0D5-4EB8-9FA5-9CF2C19E7845}.Release|Any CPU.Build.0 = Release|Any CPU
		{7DE71FFF-88B5-4E6D-A09B-ADB4C89A249D}.Debug|Any CPU.ActiveCfg = Debug|Any CPU
		{7DE71FFF-88B5-4E6D-A09B-ADB4C89A249D}.Debug|Any CPU.Build.0 = Debug|Any CPU
		{7DE71FFF-88B5-4E6D-A09B-ADB4C89A249D}.Release|Any CPU.ActiveCfg = Release|Any CPU
		{7DE71FFF-88B5-4E6D-A09B-ADB4C89A249D}.Release|Any CPU.Build.0 = Release|Any CPU
	EndGlobalSection
	GlobalSection(SolutionProperties) = preSolution
		HideSolutionNode = FALSE
	EndGlobalSection
	GlobalSection(ExtensibilityGlobals) = postSolution
		SolutionGuid = {7F80DDD4-1D31-422C-89A3-C2629992CA6D}
	EndGlobalSection
EndGlobal
